
Microsoft Visual Studio Solution File, Format Version 12.00
# Visual Studio Version 16
VisualStudioVersion = 16.0.31205.134
MinimumVisualStudioVersion = 10.0.40219.1
Project("{FAE04EC0-301F-11D3-BF4B-00C04F79EFBC}") = "Bank", "Bank\Bank.csproj", "{E8746B89-59F7-459E-B02F-4B7ECA7394E7}"
EndProject
Project("{FAE04EC0-301F-11D3-BF4B-00C04F79EFBC}") = "BankTests", "..\BankTests\BankTests\BankTests.csproj", "{796A8D11-AB84-4EFD-9DB2-8CC516BC478A}"
EndProject
Global
	GlobalSection(SolutionConfigurationPlatforms) = preSolution
		Debug|Any CPU = Debug|Any CPU
		Release|Any CPU = Release|Any CPU
	EndGlobalSection
	GlobalSection(ProjectConfigurationPlatforms) = postSolution
		{E8746B89-59F7-459E-B02F-4B7ECA7394E7}.Debug|Any CPU.ActiveCfg = Debug|Any CPU
		{E8746B89-59F7-459E-B02F-4B7ECA7394E7}.Debug|Any CPU.Build.0 = Debug|Any CPU
		{E8746B89-59F7-459E-B02F-4B7ECA7394E7}.Release|Any CPU.ActiveCfg = Release|Any CPU
		{E8746B89-59F7-459E-B02F-4B7ECA7394E7}.Release|Any CPU.Build.0 = Release|Any CPU
		{796A8D11-AB84-4EFD-9DB2-8CC516BC478A}.Debug|Any CPU.ActiveCfg = Debug|Any CPU
		{796A8D11-AB84-4EFD-9DB2-8CC516BC478A}.Debug|Any CPU.Build.0 = Debug|Any CPU
		{796A8D11-AB84-4EFD-9DB2-8CC516BC478A}.Release|Any CPU.ActiveCfg = Release|Any CPU
		{796A8D11-AB84-4EFD-9DB2-8CC516BC478A}.Release|Any CPU.Build.0 = Release|Any CPU
	EndGlobalSection
	GlobalSection(SolutionProperties) = preSolution
		HideSolutionNode = FALSE
	EndGlobalSection
	GlobalSection(ExtensibilityGlobals) = postSolution
		SolutionGuid = {FB83E8A3-E7D4-4C3C-9FF1-073700CCCA66}
	EndGlobalSection
EndGlobal
